
Microsoft Visual Studio Solution File, Format Version 12.00
# Visual Studio Version 16
VisualStudioVersion = 16.0.29503.13
MinimumVisualStudioVersion = 10.0.40219.1
Project("{FAE04EC0-301F-11D3-BF4B-00C04F79EFBC}") = "Tella_CMS", "Tella_CMS\Tella_CMS.csproj", "{382FC5F0-E94A-458A-A6A8-14E336432FC9}"
EndProject
Global
	GlobalSection(SolutionConfigurationPlatforms) = preSolution
		Debug|Any CPU = Debug|Any CPU
		Release|Any CPU = Release|Any CPU
	EndGlobalSection
	GlobalSection(ProjectConfigurationPlatforms) = postSolution
		{382FC5F0-E94A-458A-A6A8-14E336432FC9}.Debug|Any CPU.ActiveCfg = Debug|Any CPU
		{382FC5F0-E94A-458A-A6A8-14E336432FC9}.Debug|Any CPU.Build.0 = Debug|Any CPU
		{382FC5F0-E94A-458A-A6A8-14E336432FC9}.Release|Any CPU.ActiveCfg = Release|Any CPU
		{382FC5F0-E94A-458A-A6A8-14E336432FC9}.Release|Any CPU.Build.0 = Release|Any CPU
	EndGlobalSection
	GlobalSection(SolutionProperties) = preSolution
		HideSolutionNode = FALSE
	EndGlobalSection
	GlobalSection(ExtensibilityGlobals) = postSolution
		SolutionGuid = {05931D11-55EC-474D-9612-4B009C2DB0AC}
	EndGlobalSection
EndGlobal
